
Microsoft Visual Studio Solution File, Format Version 12.00
# Visual Studio Version 16
VisualStudioVersion = 16.0.31729.503
MinimumVisualStudioVersion = 10.0.40219.1
Project("{FAE04EC0-301F-11D3-BF4B-00C04F79EFBC}") = "Speeds", "Speeds\Speeds.csproj", "{7FBB8E5A-114E-47E4-9CCE-3AF07167FBE2}"
EndProject
Global
	GlobalSection(SolutionConfigurationPlatforms) = preSolution
		Debug|Any CPU = Debug|Any CPU
		Release|Any CPU = Release|Any CPU
	EndGlobalSection
	GlobalSection(ProjectConfigurationPlatforms) = postSolution
		{7FBB8E5A-114E-47E4-9CCE-3AF07167FBE2}.Debug|Any CPU.ActiveCfg = Debug|Any CPU
		{7FBB8E5A-114E-47E4-9CCE-3AF07167FBE2}.Debug|Any CPU.Build.0 = Debug|Any CPU
		{7FBB8E5A-114E-47E4-9CCE-3AF07167FBE2}.Release|Any CPU.ActiveCfg = Release|Any CPU
		{7FBB8E5A-114E-47E4-9CCE-3AF07167FBE2}.Release|Any CPU.Build.0 = Release|Any CPU
	EndGlobalSection
	GlobalSection(SolutionProperties) = preSolution
		HideSolutionNode = FALSE
	EndGlobalSection
	GlobalSection(ExtensibilityGlobals) = postSolution
		SolutionGuid = {19D052CB-F1F9-4CA5-87F3-825DAD8689B2}
	EndGlobalSection
EndGlobal
